{
  "lockFileVersion": 11,
  "registryFileHashes": {
    "https://bcr.bazel.build/bazel_registry.json": "8a28e4aff06ee60aed2a8c281907fb8bcbf3b753c91fb5a5c57da3215d5b3497",
    "https://bcr.bazel.build/modules/abseil-cpp/20210324.2/MODULE.bazel": "7cd0312e064fde87c8d1cd79ba06c876bd23630c83466e9500321be55c96ace2",
    "https://bcr.bazel.build/modules/abseil-cpp/20211102.0/MODULE.bazel": "70390338f7a5106231d20620712f7cccb659cd0e9d073d1991c038eb9fc57589",
    "https://bcr.bazel.build/modules/abseil-cpp/20211102.0/source.json": "7e3a9adf473e9af076ae485ed649d5641ad50ec5c11718103f34de03170d94ad",
    "https://bcr.bazel.build/modules/apple_support/1.5.0/MODULE.bazel": "50341a62efbc483e8a2a6aec30994a58749bd7b885e18dd96aa8c33031e558ef",
    "https://bcr.bazel.build/modules/apple_support/1.5.0/source.json": "eb98a7627c0bc486b57f598ad8da50f6625d974c8f723e9ea71bd39f709c9862",
    "https://bcr.bazel.build/modules/bazel_features/1.11.0/MODULE.bazel": "f9382337dd5a474c3b7d334c2f83e50b6eaedc284253334cf823044a26de03e8",
    "https://bcr.bazel.build/modules/bazel_features/1.11.0/source.json": "c9320aa53cd1c441d24bd6b716da087ad7e4ff0d9742a9884587596edfe53015",
    "https://bcr.bazel.build/modules/bazel_features/1.9.1/MODULE.bazel": "8f679097876a9b609ad1f60249c49d68bfab783dd9be012faf9d82547b14815a",
    "https://bcr.bazel.build/modules/bazel_skylib/1.0.3/MODULE.bazel": "bcb0fd896384802d1ad283b4e4eb4d718eebd8cb820b0a2c3a347fb971afd9d8",
    "https://bcr.bazel.build/modules/bazel_skylib/1.2.1/MODULE.bazel": "f35baf9da0efe45fa3da1696ae906eea3d615ad41e2e3def4aeb4e8bc0ef9a7a",
    "https://bcr.bazel.build/modules/bazel_skylib/1.3.0/MODULE.bazel": "20228b92868bf5cfc41bda7afc8a8ba2a543201851de39d990ec957b513579c5",
    "https://bcr.bazel.build/modules/bazel_skylib/1.4.1/MODULE.bazel": "a0dcb779424be33100dcae821e9e27e4f2901d9dfd5333efe5ac6a8d7ab75e1d",
    "https://bcr.bazel.build/modules/bazel_skylib/1.5.0/MODULE.bazel": "32880f5e2945ce6a03d1fbd588e9198c0a959bb42297b2cfaf1685b7bc32e138",
    "https://bcr.bazel.build/modules/bazel_skylib/1.6.1/MODULE.bazel": "8fdee2dbaace6c252131c00e1de4b165dc65af02ea278476187765e1a617b917",
    "https://bcr.bazel.build/modules/bazel_skylib/1.6.1/source.json": "082ed5f9837901fada8c68c2f3ddc958bb22b6d654f71dd73f3df30d45d4b749",
    "https://bcr.bazel.build/modules/buildifier_prebuilt/6.1.2/MODULE.bazel": "2ef4962c8b0b6d8d21928a89190755619254459bc67f870dc0ccb9ba9952d444",
    "https://bcr.bazel.build/modules/buildifier_prebuilt/6.1.2/source.json": "19fb45ed3f0d55cbff94e402c39512940833ae3a68f9cbfd9518a1926b609c7c",
    "https://bcr.bazel.build/modules/buildozer/7.1.2/MODULE.bazel": "2e8dd40ede9c454042645fd8d8d0cd1527966aa5c919de86661e62953cd73d84",
    "https://bcr.bazel.build/modules/buildozer/7.1.2/source.json": "c9028a501d2db85793a6996205c8de120944f50a0d570438fcae0457a5f9d1f8",
    "https://bcr.bazel.build/modules/googletest/1.11.0/MODULE.bazel": "3a83f095183f66345ca86aa13c58b59f9f94a2f81999c093d4eeaa2d262d12f4",
    "https://bcr.bazel.build/modules/googletest/1.11.0/source.json": "c73d9ef4268c91bd0c1cd88f1f9dfa08e814b1dbe89b5f594a9f08ba0244d206",
    "https://bcr.bazel.build/modules/platforms/0.0.4/MODULE.bazel": "9b328e31ee156f53f3c416a64f8491f7eb731742655a47c9eec4703a71644aee",
    "https://bcr.bazel.build/modules/platforms/0.0.5/MODULE.bazel": "5733b54ea419d5eaf7997054bb55f6a1d0b5ff8aedf0176fef9eea44f3acda37",
    "https://bcr.bazel.build/modules/platforms/0.0.6/MODULE.bazel": "ad6eeef431dc52aefd2d77ed20a4b353f8ebf0f4ecdd26a807d2da5aa8cd0615",
    "https://bcr.bazel.build/modules/platforms/0.0.7/MODULE.bazel": "72fd4a0ede9ee5c021f6a8dd92b503e089f46c227ba2813ff183b71616034814",
    "https://bcr.bazel.build/modules/platforms/0.0.8/MODULE.bazel": "9f142c03e348f6d263719f5074b21ef3adf0b139ee4c5133e2aa35664da9eb2d",
    "https://bcr.bazel.build/modules/platforms/0.0.9/MODULE.bazel": "4a87a60c927b56ddd67db50c89acaa62f4ce2a1d2149ccb63ffd871d5ce29ebc",
    "https://bcr.bazel.build/modules/platforms/0.0.9/source.json": "cd74d854bf16a9e002fb2ca7b1a421f4403cda29f824a765acd3a8c56f8d43e6",
    "https://bcr.bazel.build/modules/protobuf/21.7/MODULE.bazel": "a5a29bb89544f9b97edce05642fac225a808b5b7be74038ea3640fae2f8e66a7",
    "https://bcr.bazel.build/modules/protobuf/21.7/source.json": "bbe500720421e582ff2d18b0802464205138c06056f443184de39fbb8187b09b",
    "https://bcr.bazel.build/modules/protobuf/3.19.0/MODULE.bazel": "6b5fbb433f760a99a22b18b6850ed5784ef0e9928a72668b66e4d7ccd47db9b0",
    "https://bcr.bazel.build/modules/protobuf/3.19.6/MODULE.bazel": "9233edc5e1f2ee276a60de3eaa47ac4132302ef9643238f23128fea53ea12858",
    "https://bcr.bazel.build/modules/rules_cc/0.0.1/MODULE.bazel": "cb2aa0747f84c6c3a78dad4e2049c154f08ab9d166b1273835a8174940365647",
    "https://bcr.bazel.build/modules/rules_cc/0.0.2/MODULE.bazel": "6915987c90970493ab97393024c156ea8fb9f3bea953b2f3ec05c34f19b5695c",
    "https://bcr.bazel.build/modules/rules_cc/0.0.8/MODULE.bazel": "964c85c82cfeb6f3855e6a07054fdb159aced38e99a5eecf7bce9d53990afa3e",
    "https://bcr.bazel.build/modules/rules_cc/0.0.9/MODULE.bazel": "836e76439f354b89afe6a911a7adf59a6b2518fafb174483ad78a2a2fde7b1c5",
    "https://bcr.bazel.build/modules/rules_cc/0.0.9/source.json": "1f1ba6fea244b616de4a554a0f4983c91a9301640c8fe0dd1d410254115c8430",
    "https://bcr.bazel.build/modules/rules_java/4.0.0/MODULE.bazel": "5a78a7ae82cd1a33cef56dc578c7d2a46ed0dca12643ee45edbb8417899e6f74",
    "https://bcr.bazel.build/modules/rules_java/7.6.1/MODULE.bazel": "2f14b7e8a1aa2f67ae92bc69d1ec0fa8d9f827c4e17ff5e5f02e91caa3b2d0fe",
    "https://bcr.bazel.build/modules/rules_java/7.6.1/source.json": "8f3f3076554e1558e8e468b2232991c510ecbcbed9e6f8c06ac31c93bcf38362",
    "https://bcr.bazel.build/modules/rules_jvm_external/4.4.2/MODULE.bazel": "a56b85e418c83eb1839819f0b515c431010160383306d13ec21959ac412d2fe7",
    "https://bcr.bazel.build/modules/rules_jvm_external/4.4.2/source.json": "a075731e1b46bc8425098512d038d416e966ab19684a10a34f4741295642fc35",
    "https://bcr.bazel.build/modules/rules_license/0.0.3/MODULE.bazel": "627e9ab0247f7d1e05736b59dbb1b6871373de5ad31c3011880b4133cafd4bd0",
    "https://bcr.bazel.build/modules/rules_license/0.0.7/MODULE.bazel": "088fbeb0b6a419005b89cf93fe62d9517c0a2b8bb56af3244af65ecfe37e7d5d",
    "https://bcr.bazel.build/modules/rules_license/0.0.7/source.json": "355cc5737a0f294e560d52b1b7a6492d4fff2caf0bef1a315df5a298fca2d34a",
    "https://bcr.bazel.build/modules/rules_multitool/0.4.0/MODULE.bazel": "15517987d5c00c9e7faab41fbe22ee67a350b6eabcc1e08baded5c6d9025897f",
    "https://bcr.bazel.build/modules/rules_multitool/0.4.0/source.json": "d73b450b7c6d9683e400d6cebc463fbc2b870cc5d8e2e75080d6278805aaab08",
    "https://bcr.bazel.build/modules/rules_pkg/0.7.0/MODULE.bazel": "df99f03fc7934a4737122518bb87e667e62d780b610910f0447665a7e2be62dc",
    "https://bcr.bazel.build/modules/rules_pkg/0.7.0/source.json": "c2557066e0c0342223ba592510ad3d812d4963b9024831f7f66fd0584dd8c66c",
    "https://bcr.bazel.build/modules/rules_proto/4.0.0/MODULE.bazel": "a7a7b6ce9bee418c1a760b3d84f83a299ad6952f9903c67f19e4edd964894e06",
    "https://bcr.bazel.build/modules/rules_proto/5.3.0-21.7/MODULE.bazel": "e8dff86b0971688790ae75528fe1813f71809b5afd57facb44dad9e8eca631b7",
    "https://bcr.bazel.build/modules/rules_proto/6.0.0-rc1/MODULE.bazel": "1e5b502e2e1a9e825eef74476a5a1ee524a92297085015a052510b09a1a09483",
    "https://bcr.bazel.build/modules/rules_proto/6.0.0-rc1/source.json": "8d8448e71706df7450ced227ca6b3812407ff5e2ccad74a43a9fbe79c84e34e0",
    "https://bcr.bazel.build/modules/rules_python/0.10.2/MODULE.bazel": "cc82bc96f2997baa545ab3ce73f196d040ffb8756fd2d66125a530031cd90e5f",
    "https://bcr.bazel.build/modules/rules_python/0.22.1/MODULE.bazel": "26114f0c0b5e93018c0c066d6673f1a2c3737c7e90af95eff30cfee38d0bbac7",
    "https://bcr.bazel.build/modules/rules_python/0.33.2/MODULE.bazel": "3e036c4ad8d804a4dad897d333d8dce200d943df4827cb849840055be8d2e937",
    "https://bcr.bazel.build/modules/rules_python/0.33.2/source.json": "e539592cd3aae4492032cecea510e46ca16eeb972271560b922cae9893944e2f",
    "https://bcr.bazel.build/modules/rules_python/0.4.0/MODULE.bazel": "9208ee05fd48bf09ac60ed269791cf17fb343db56c8226a720fbb1cdf467166c",
    "https://bcr.bazel.build/modules/rules_uv/0.16.0/MODULE.bazel": "13dc2e8e4675f87057649149b0975be123d3479a3a5885e4300fcb416d284687",
    "https://bcr.bazel.build/modules/rules_uv/0.16.0/source.json": "dbf9df0ac797bc4bb5e5504ade9446d303cfaade8f63db35ace0cc3226c1a0bd",
    "https://bcr.bazel.build/modules/stardoc/0.5.1/MODULE.bazel": "1a05d92974d0c122f5ccf09291442580317cdd859f07a8655f1db9a60374f9f8",
    "https://bcr.bazel.build/modules/stardoc/0.5.1/source.json": "a96f95e02123320aa015b956f29c00cb818fa891ef823d55148e1a362caacf29",
    "https://bcr.bazel.build/modules/upb/0.0.0-20220923-a547704/MODULE.bazel": "7298990c00040a0e2f121f6c32544bab27d4452f80d9ce51349b1a28f3005c43",
    "https://bcr.bazel.build/modules/upb/0.0.0-20220923-a547704/source.json": "f1ef7d3f9e0e26d4b23d1c39b5f5de71f584dd7d1b4ef83d9bbba6ec7a6a6459",
    "https://bcr.bazel.build/modules/zlib/1.2.11/MODULE.bazel": "07b389abc85fdbca459b69e2ec656ae5622873af3f845e1c9d80fe179f3effa0",
    "https://bcr.bazel.build/modules/zlib/1.2.12/MODULE.bazel": "3b1a8834ada2a883674be8cbd36ede1b6ec481477ada359cd2d3ddc562340b27",
    "https://bcr.bazel.build/modules/zlib/1.3/MODULE.bazel": "6a9c02f19a24dcedb05572b2381446e27c272cd383aed11d41d99da9e3167a72",
    "https://bcr.bazel.build/modules/zlib/1.3/source.json": "b6b43d0737af846022636e6e255fd4a96fee0d34f08f3830e6e0bac51465c37c"
  },
  "selectedYankedVersions": {},
  "moduleExtensions": {
    "@@apple_support~//crosstool:setup.bzl%apple_cc_configure_extension": {
      "general": {
        "bzlTransitiveDigest": "PjIds3feoYE8SGbbIq2SFTZy3zmxeO2tQevJZNDo7iY=",
        "usagesDigest": "aLmqbvowmHkkBPve05yyDNGN7oh7QE9kBADr3QIZTZs=",
        "recordedFileInputs": {},
        "recordedDirentsInputs": {},
        "envVariables": {},
        "generatedRepoSpecs": {
          "local_config_apple_cc": {
            "bzlFile": "@@apple_support~//crosstool:setup.bzl",
            "ruleClassName": "_apple_cc_autoconf",
            "attributes": {}
          },
          "local_config_apple_cc_toolchains": {
            "bzlFile": "@@apple_support~//crosstool:setup.bzl",
            "ruleClassName": "_apple_cc_autoconf_toolchains",
            "attributes": {}
          }
        },
        "recordedRepoMappingEntries": [
          [
            "apple_support~",
            "bazel_tools",
            "bazel_tools"
          ]
        ]
      }
    },
    "@@buildifier_prebuilt~//:defs.bzl%buildifier_prebuilt_deps_extension": {
      "general": {
        "bzlTransitiveDigest": "cnU/K9IY/VeHcxnGaL5eLuX+z8qIjt0yUjs2dZfB3Rc=",
        "usagesDigest": "dJKWOSZZDy7RHc2XG1O6ezkxcNMSeKBpUqAz2pk8cbY=",
        "recordedFileInputs": {},
        "recordedDirentsInputs": {},
        "envVariables": {},
        "generatedRepoSpecs": {
          "buildozer_darwin_amd64": {
            "bzlFile": "@@bazel_tools//tools/build_defs/repo:http.bzl",
            "ruleClassName": "http_file",
            "attributes": {
              "urls": [
                "https://github.com/bazelbuild/buildtools/releases/download/v6.1.2/buildozer-darwin-amd64"
              ],
              "downloaded_file_path": "buildozer",
              "executable": true,
              "sha256": "4014751a4cc5e91a7dc4b64be7b30c565bd9014ae6d1879818dc624562a1d431"
            }
          },
          "buildifier_linux_amd64": {
            "bzlFile": "@@bazel_tools//tools/build_defs/repo:http.bzl",
            "ruleClassName": "http_file",
            "attributes": {
              "urls": [
                "https://github.com/bazelbuild/buildtools/releases/download/v6.1.2/buildifier-linux-amd64"
              ],
              "downloaded_file_path": "buildifier",
              "executable": true,
              "sha256": "51bc947dabb7b14ec6fb1224464fbcf7a7cb138f1a10a3b328f00835f72852ce"
            }
          },
          "buildozer_darwin_arm64": {
            "bzlFile": "@@bazel_tools//tools/build_defs/repo:http.bzl",
            "ruleClassName": "http_file",
            "attributes": {
              "urls": [
                "https://github.com/bazelbuild/buildtools/releases/download/v6.1.2/buildozer-darwin-arm64"
              ],
              "downloaded_file_path": "buildozer",
              "executable": true,
              "sha256": "e78bd5357f2356067d4b0d49ec4e4143dd9b1308746afc6ff11b55b952f462d7"
            }
          },
          "buildozer_linux_amd64": {
            "bzlFile": "@@bazel_tools//tools/build_defs/repo:http.bzl",
            "ruleClassName": "http_file",
            "attributes": {
              "urls": [
                "https://github.com/bazelbuild/buildtools/releases/download/v6.1.2/buildozer-linux-amd64"
              ],
              "downloaded_file_path": "buildozer",
              "executable": true,
              "sha256": "2aef0f1ef80a0140b8fe6e6a8eb822e14827d8855bfc6681532c7530339ea23b"
            }
          },
          "buildozer_windows_amd64": {
            "bzlFile": "@@bazel_tools//tools/build_defs/repo:http.bzl",
            "ruleClassName": "http_file",
            "attributes": {
              "urls": [
                "https://github.com/bazelbuild/buildtools/releases/download/v6.1.2/buildozer-windows-amd64.exe"
              ],
              "downloaded_file_path": "buildozer.exe",
              "executable": true,
              "sha256": "07664d5d08ee099f069cd654070cabf2708efaae9f52dc83921fa400c67a868b"
            }
          },
          "buildozer_linux_arm64": {
            "bzlFile": "@@bazel_tools//tools/build_defs/repo:http.bzl",
            "ruleClassName": "http_file",
            "attributes": {
              "urls": [
                "https://github.com/bazelbuild/buildtools/releases/download/v6.1.2/buildozer-linux-arm64"
              ],
              "downloaded_file_path": "buildozer",
              "executable": true,
              "sha256": "586e27630cbc242e8bd6fe8e24485eca8dcadea6410cc13cbe059202655980ac"
            }
          },
          "buildifier_windows_amd64": {
            "bzlFile": "@@bazel_tools//tools/build_defs/repo:http.bzl",
            "ruleClassName": "http_file",
            "attributes": {
              "urls": [
                "https://github.com/bazelbuild/buildtools/releases/download/v6.1.2/buildifier-windows-amd64.exe"
              ],
              "downloaded_file_path": "buildifier.exe",
              "executable": true,
              "sha256": "92bdd284fbc6766fc3e300b434ff9e68ac4d76a06cb29d1bdefe79a102a8d135"
            }
          },
          "buildifier_prebuilt_toolchains": {
            "bzlFile": "@@buildifier_prebuilt~//:defs.bzl",
            "ruleClassName": "_buildifier_toolchain_setup",
            "attributes": {
              "assets_json": "[{\"arch\":\"amd64\",\"name\":\"buildifier\",\"platform\":\"darwin\",\"sha256\":\"e2f4a67691c5f55634fbfb3850eb97dd91be0edd059d947b6c83d120682e0216\",\"version\":\"v6.1.2\"},{\"arch\":\"arm64\",\"name\":\"buildifier\",\"platform\":\"darwin\",\"sha256\":\"7549b5f535219ac957aa2a6069d46fbfc9ea3f74abd85fd3d460af4b1a2099a6\",\"version\":\"v6.1.2\"},{\"arch\":\"amd64\",\"name\":\"buildifier\",\"platform\":\"linux\",\"sha256\":\"51bc947dabb7b14ec6fb1224464fbcf7a7cb138f1a10a3b328f00835f72852ce\",\"version\":\"v6.1.2\"},{\"arch\":\"arm64\",\"name\":\"buildifier\",\"platform\":\"linux\",\"sha256\":\"0ba6e8e3208b5a029164e542ddb5509e618f87b639ffe8cc2f54770022853080\",\"version\":\"v6.1.2\"},{\"arch\":\"amd64\",\"name\":\"buildifier\",\"platform\":\"windows\",\"sha256\":\"92bdd284fbc6766fc3e300b434ff9e68ac4d76a06cb29d1bdefe79a102a8d135\",\"version\":\"v6.1.2\"},{\"arch\":\"amd64\",\"name\":\"buildozer\",\"platform\":\"darwin\",\"sha256\":\"4014751a4cc5e91a7dc4b64be7b30c565bd9014ae6d1879818dc624562a1d431\",\"version\":\"v6.1.2\"},{\"arch\":\"arm64\",\"name\":\"buildozer\",\"platform\":\"darwin\",\"sha256\":\"e78bd5357f2356067d4b0d49ec4e4143dd9b1308746afc6ff11b55b952f462d7\",\"version\":\"v6.1.2\"},{\"arch\":\"amd64\",\"name\":\"buildozer\",\"platform\":\"linux\",\"sha256\":\"2aef0f1ef80a0140b8fe6e6a8eb822e14827d8855bfc6681532c7530339ea23b\",\"version\":\"v6.1.2\"},{\"arch\":\"arm64\",\"name\":\"buildozer\",\"platform\":\"linux\",\"sha256\":\"586e27630cbc242e8bd6fe8e24485eca8dcadea6410cc13cbe059202655980ac\",\"version\":\"v6.1.2\"},{\"arch\":\"amd64\",\"name\":\"buildozer\",\"platform\":\"windows\",\"sha256\":\"07664d5d08ee099f069cd654070cabf2708efaae9f52dc83921fa400c67a868b\",\"version\":\"v6.1.2\"}]"
            }
          },
          "buildifier_darwin_amd64": {
            "bzlFile": "@@bazel_tools//tools/build_defs/repo:http.bzl",
            "ruleClassName": "http_file",
            "attributes": {
              "urls": [
                "https://github.com/bazelbuild/buildtools/releases/download/v6.1.2/buildifier-darwin-amd64"
              ],
              "downloaded_file_path": "buildifier",
              "executable": true,
              "sha256": "e2f4a67691c5f55634fbfb3850eb97dd91be0edd059d947b6c83d120682e0216"
            }
          },
          "buildifier_darwin_arm64": {
            "bzlFile": "@@bazel_tools//tools/build_defs/repo:http.bzl",
            "ruleClassName": "http_file",
            "attributes": {
              "urls": [
                "https://github.com/bazelbuild/buildtools/releases/download/v6.1.2/buildifier-darwin-arm64"
              ],
              "downloaded_file_path": "buildifier",
              "executable": true,
              "sha256": "7549b5f535219ac957aa2a6069d46fbfc9ea3f74abd85fd3d460af4b1a2099a6"
            }
          },
          "buildifier_linux_arm64": {
            "bzlFile": "@@bazel_tools//tools/build_defs/repo:http.bzl",
            "ruleClassName": "http_file",
            "attributes": {
              "urls": [
                "https://github.com/bazelbuild/buildtools/releases/download/v6.1.2/buildifier-linux-arm64"
              ],
              "downloaded_file_path": "buildifier",
              "executable": true,
              "sha256": "0ba6e8e3208b5a029164e542ddb5509e618f87b639ffe8cc2f54770022853080"
            }
          }
        },
        "recordedRepoMappingEntries": [
          [
            "buildifier_prebuilt~",
            "bazel_skylib",
            "bazel_skylib~"
          ],
          [
            "buildifier_prebuilt~",
            "bazel_tools",
            "bazel_tools"
          ]
        ]
      }
    },
    "@@platforms//host:extension.bzl%host_platform": {
      "general": {
        "bzlTransitiveDigest": "xelQcPZH8+tmuOHVjL9vDxMnnQNMlwj0SlvgoqBkm4U=",
        "usagesDigest": "meSzxn3DUCcYEhq4HQwExWkWtU4EjriRBQLsZN+Q0SU=",
        "recordedFileInputs": {},
        "recordedDirentsInputs": {},
        "envVariables": {},
        "generatedRepoSpecs": {
          "host_platform": {
            "bzlFile": "@@platforms//host:extension.bzl",
            "ruleClassName": "host_platform_repo",
            "attributes": {}
          }
        },
        "recordedRepoMappingEntries": []
      }
    },
    "@@rules_multitool~//multitool:extension.bzl%multitool": {
      "general": {
        "bzlTransitiveDigest": "AtvPzG/SAawYMKVVHcMoJq4EXkVPTIhS3AeNwENXp9E=",
        "usagesDigest": "jb2AALP7bMI9LFOJWo/SjwFTc6ggAaylZ66UN3KWq4U=",
        "recordedFileInputs": {},
        "recordedDirentsInputs": {},
        "envVariables": {},
        "generatedRepoSpecs": {
          "multitool.linux_x86_64": {
            "bzlFile": "@@rules_multitool~//multitool/private:multitool.bzl",
            "ruleClassName": "_env_specific_tools",
            "attributes": {
              "lockfiles": [
                "@@rules_uv~//uv/private:uv.lock.json"
              ],
              "os": "linux",
              "cpu": "x86_64"
            }
          },
          "multitool.linux_arm64": {
            "bzlFile": "@@rules_multitool~//multitool/private:multitool.bzl",
            "ruleClassName": "_env_specific_tools",
            "attributes": {
              "lockfiles": [
                "@@rules_uv~//uv/private:uv.lock.json"
              ],
              "os": "linux",
              "cpu": "arm64"
            }
          },
          "multitool.macos_x86_64": {
            "bzlFile": "@@rules_multitool~//multitool/private:multitool.bzl",
            "ruleClassName": "_env_specific_tools",
            "attributes": {
              "lockfiles": [
                "@@rules_uv~//uv/private:uv.lock.json"
              ],
              "os": "macos",
              "cpu": "x86_64"
            }
          },
          "multitool.macos_arm64": {
            "bzlFile": "@@rules_multitool~//multitool/private:multitool.bzl",
            "ruleClassName": "_env_specific_tools",
            "attributes": {
              "lockfiles": [
                "@@rules_uv~//uv/private:uv.lock.json"
              ],
              "os": "macos",
              "cpu": "arm64"
            }
          },
          "multitool": {
            "bzlFile": "@@rules_multitool~//multitool/private:multitool.bzl",
            "ruleClassName": "_multitool_hub",
            "attributes": {
              "lockfiles": [
                "@@rules_uv~//uv/private:uv.lock.json"
              ]
            }
          }
        },
        "recordedRepoMappingEntries": []
      }
    },
    "@@rules_python~//python/extensions:pip.bzl%pip": {
      "general": {
        "bzlTransitiveDigest": "s4veNSSy+ISee8X/bLTBwMHEUxhw3HzzN4UPk1iEFZU=",
        "usagesDigest": "T8Ik5Jsc+0/hHlmDAkxrhXe+jWHKeayzN3Z2hv2ObI0=",
        "recordedFileInputs": {
          "@@//requirements.txt": "657755362b2a3fcd13bcd0184fa11661fec2c86f7a9c7736e5fe86f8b80d2833"
        },
        "recordedDirentsInputs": {},
        "envVariables": {},
        "generatedRepoSpecs": {
          "pypi_38_exceptiongroup_sdist_a4785e48": {
            "bzlFile": "@@rules_python~//python/pip_install:pip_repository.bzl",
            "ruleClassName": "whl_library",
            "attributes": {
              "dep_template": "@pypi//{name}:{target}",
              "experimental_target_platforms": [
                "linux_aarch64",
                "linux_arm",
                "linux_ppc",
                "linux_s390x",
                "linux_x86_64",
                "osx_aarch64",
                "osx_x86_64",
                "windows_x86_64"
              ],
              "filename": "exceptiongroup-1.2.1.tar.gz",
              "isolated": true,
              "python_interpreter_target": "@@rules_python~~python~python_3_8_host//:python",
              "quiet": true,
              "repo": "pypi_38",
              "requirement": "exceptiongroup==1.2.1",
              "sha256": "a4785e48b045528f5bfe627b6ad554ff32def154f42372786903b7abcfe1aa16",
              "timeout": 600,
              "urls": [
                "https://files.pythonhosted.org/packages/a0/65/d66b7fbaef021b3c954b3bbb196d21d8a4b97918ea524f82cfae474215af/exceptiongroup-1.2.1.tar.gz"
              ]
            }
          },
          "pypi_38_pluggy_sdist_2cffa88e": {
            "bzlFile": "@@rules_python~//python/pip_install:pip_repository.bzl",
            "ruleClassName": "whl_library",
            "attributes": {
              "dep_template": "@pypi//{name}:{target}",
              "experimental_target_platforms": [
                "linux_aarch64",
                "linux_arm",
                "linux_ppc",
                "linux_s390x",
                "linux_x86_64",
                "osx_aarch64",
                "osx_x86_64",
                "windows_x86_64"
              ],
              "filename": "pluggy-1.5.0.tar.gz",
              "isolated": true,
              "python_interpreter_target": "@@rules_python~~python~python_3_8_host//:python",
              "quiet": true,
              "repo": "pypi_38",
              "requirement": "pluggy==1.5.0",
              "sha256": "2cffa88e94fdc978c4c574f15f9e59b7f4201d439195c3715ca9e2486f1d0cf1",
              "timeout": 600,
              "urls": [
                "https://files.pythonhosted.org/packages/96/2d/02d4312c973c6050a18b314a5ad0b3210edb65a906f868e31c111dede4a6/pluggy-1.5.0.tar.gz"
              ]
            }
          },
          "pypi_38_iniconfig_py3_none_any_b6a85871": {
            "bzlFile": "@@rules_python~//python/pip_install:pip_repository.bzl",
            "ruleClassName": "whl_library",
            "attributes": {
              "dep_template": "@pypi//{name}:{target}",
              "experimental_target_platforms": [
                "linux_aarch64",
                "linux_arm",
                "linux_ppc",
                "linux_s390x",
                "linux_x86_64",
                "osx_aarch64",
                "osx_x86_64",
                "windows_x86_64"
              ],
              "filename": "iniconfig-2.0.0-py3-none-any.whl",
              "isolated": true,
              "python_interpreter_target": "@@rules_python~~python~python_3_8_host//:python",
              "quiet": true,
              "repo": "pypi_38",
              "requirement": "iniconfig==2.0.0",
              "sha256": "b6a85871a79d2e3b22d2d1b94ac2824226a63c6b741c88f7ae975f18b6778374",
              "timeout": 600,
              "urls": [
                "https://files.pythonhosted.org/packages/ef/a6/62565a6e1cf69e10f5727360368e451d4b7f58beeac6173dc9db836a5b46/iniconfig-2.0.0-py3-none-any.whl"
              ]
            }
          },
          "pypi_38_packaging_py3_none_any_5b8f2217": {
            "bzlFile": "@@rules_python~//python/pip_install:pip_repository.bzl",
            "ruleClassName": "whl_library",
            "attributes": {
              "dep_template": "@pypi//{name}:{target}",
              "experimental_target_platforms": [
                "linux_aarch64",
                "linux_arm",
                "linux_ppc",
                "linux_s390x",
                "linux_x86_64",
                "osx_aarch64",
                "osx_x86_64",
                "windows_x86_64"
              ],
              "filename": "packaging-24.1-py3-none-any.whl",
              "isolated": true,
              "python_interpreter_target": "@@rules_python~~python~python_3_8_host//:python",
              "quiet": true,
              "repo": "pypi_38",
              "requirement": "packaging==24.1",
              "sha256": "5b8f2217dbdbd2f7f384c41c628544e6d52f2d0f53c6d0c3ea61aa5d1d7ff124",
              "timeout": 600,
              "urls": [
                "https://files.pythonhosted.org/packages/08/aa/cc0199a5f0ad350994d660967a8efb233fe0416e4639146c089643407ce6/packaging-24.1-py3-none-any.whl"
              ]
            }
          },
          "pypi_38_packaging_sdist_026ed72c": {
            "bzlFile": "@@rules_python~//python/pip_install:pip_repository.bzl",
            "ruleClassName": "whl_library",
            "attributes": {
              "dep_template": "@pypi//{name}:{target}",
              "experimental_target_platforms": [
                "linux_aarch64",
                "linux_arm",
                "linux_ppc",
                "linux_s390x",
                "linux_x86_64",
                "osx_aarch64",
                "osx_x86_64",
                "windows_x86_64"
              ],
              "filename": "packaging-24.1.tar.gz",
              "isolated": true,
              "python_interpreter_target": "@@rules_python~~python~python_3_8_host//:python",
              "quiet": true,
              "repo": "pypi_38",
              "requirement": "packaging==24.1",
              "sha256": "026ed72c8ed3fcce5bf8950572258698927fd1dbda10a5e981cdf0ac37f4f002",
              "timeout": 600,
              "urls": [
                "https://files.pythonhosted.org/packages/51/65/50db4dda066951078f0a96cf12f4b9ada6e4b811516bf0262c0f4f7064d4/packaging-24.1.tar.gz"
              ]
            }
          },
          "pypi_38_pytest_sdist_de4bb810": {
            "bzlFile": "@@rules_python~//python/pip_install:pip_repository.bzl",
            "ruleClassName": "whl_library",
            "attributes": {
              "dep_template": "@pypi//{name}:{target}",
              "experimental_target_platforms": [
                "linux_aarch64",
                "linux_arm",
                "linux_ppc",
                "linux_s390x",
                "linux_x86_64",
                "osx_aarch64",
                "osx_x86_64",
                "windows_x86_64"
              ],
              "filename": "pytest-8.2.2.tar.gz",
              "isolated": true,
              "python_interpreter_target": "@@rules_python~~python~python_3_8_host//:python",
              "quiet": true,
              "repo": "pypi_38",
              "requirement": "pytest==8.2.2",
              "sha256": "de4bb8104e201939ccdc688b27a89a7be2079b22e2bd2b07f806b6ba71117977",
              "timeout": 600,
              "urls": [
                "https://files.pythonhosted.org/packages/a6/58/e993ca5357553c966b9e73cb3475d9c935fe9488746e13ebdf9b80fae508/pytest-8.2.2.tar.gz"
              ]
            }
          },
          "pypi_38_exceptiongroup_py3_none_any_5258b9ed": {
            "bzlFile": "@@rules_python~//python/pip_install:pip_repository.bzl",
            "ruleClassName": "whl_library",
            "attributes": {
              "dep_template": "@pypi//{name}:{target}",
              "experimental_target_platforms": [
                "linux_aarch64",
                "linux_arm",
                "linux_ppc",
                "linux_s390x",
                "linux_x86_64",
                "osx_aarch64",
                "osx_x86_64",
                "windows_x86_64"
              ],
              "filename": "exceptiongroup-1.2.1-py3-none-any.whl",
              "isolated": true,
              "python_interpreter_target": "@@rules_python~~python~python_3_8_host//:python",
              "quiet": true,
              "repo": "pypi_38",
              "requirement": "exceptiongroup==1.2.1",
              "sha256": "5258b9ed329c5bbdd31a309f53cbfb0b155341807f6ff7606a1e801a891b29ad",
              "timeout": 600,
              "urls": [
                "https://files.pythonhosted.org/packages/01/90/79fe92dd413a9cab314ef5c591b5aa9b9ba787ae4cadab75055b0ae00b33/exceptiongroup-1.2.1-py3-none-any.whl"
              ]
            }
          },
          "pypi_38_iniconfig_sdist_2d91e135": {
            "bzlFile": "@@rules_python~//python/pip_install:pip_repository.bzl",
            "ruleClassName": "whl_library",
            "attributes": {
              "dep_template": "@pypi//{name}:{target}",
              "experimental_target_platforms": [
                "linux_aarch64",
                "linux_arm",
                "linux_ppc",
                "linux_s390x",
                "linux_x86_64",
                "osx_aarch64",
                "osx_x86_64",
                "windows_x86_64"
              ],
              "filename": "iniconfig-2.0.0.tar.gz",
              "isolated": true,
              "python_interpreter_target": "@@rules_python~~python~python_3_8_host//:python",
              "quiet": true,
              "repo": "pypi_38",
              "requirement": "iniconfig==2.0.0",
              "sha256": "2d91e135bf72d31a410b17c16da610a82cb55f6b0477d1a902134b24a455b8b3",
              "timeout": 600,
              "urls": [
                "https://files.pythonhosted.org/packages/d7/4b/cbd8e699e64a6f16ca3a8220661b5f83792b3017d0f79807cb8708d33913/iniconfig-2.0.0.tar.gz"
              ]
            }
          },
          "pypi_38_tomli_sdist_de526c12": {
            "bzlFile": "@@rules_python~//python/pip_install:pip_repository.bzl",
            "ruleClassName": "whl_library",
            "attributes": {
              "dep_template": "@pypi//{name}:{target}",
              "experimental_target_platforms": [
                "linux_aarch64",
                "linux_arm",
                "linux_ppc",
                "linux_s390x",
                "linux_x86_64",
                "osx_aarch64",
                "osx_x86_64",
                "windows_x86_64"
              ],
              "filename": "tomli-2.0.1.tar.gz",
              "isolated": true,
              "python_interpreter_target": "@@rules_python~~python~python_3_8_host//:python",
              "quiet": true,
              "repo": "pypi_38",
              "requirement": "tomli==2.0.1",
              "sha256": "de526c12914f0c550d15924c62d72abc48d6fe7364aa87328337a31007fe8a4f",
              "timeout": 600,
              "urls": [
                "https://files.pythonhosted.org/packages/c0/3f/d7af728f075fb08564c5949a9c95e44352e23dee646869fa104a3b2060a3/tomli-2.0.1.tar.gz"
              ]
            }
          },
          "pypi": {
            "bzlFile": "@@rules_python~//python/private/bzlmod:pip_repository.bzl",
            "ruleClassName": "pip_repository",
            "attributes": {
              "repo_name": "pypi",
              "whl_map": {
                "tomli": "[{\"config_setting\":\"//_config:is_python_3.8\",\"filename\":\"tomli-2.0.1-py3-none-any.whl\",\"repo\":\"pypi_38_tomli_py3_none_any_939de3e7\",\"target_platforms\":null,\"version\":\"3.8\"},{\"config_setting\":\"//_config:is_python_3.8\",\"filename\":\"tomli-2.0.1.tar.gz\",\"repo\":\"pypi_38_tomli_sdist_de526c12\",\"target_platforms\":null,\"version\":\"3.8\"}]",
                "pluggy": "[{\"config_setting\":\"//_config:is_python_3.8\",\"filename\":\"pluggy-1.5.0-py3-none-any.whl\",\"repo\":\"pypi_38_pluggy_py3_none_any_44e1ad92\",\"target_platforms\":null,\"version\":\"3.8\"},{\"config_setting\":\"//_config:is_python_3.8\",\"filename\":\"pluggy-1.5.0.tar.gz\",\"repo\":\"pypi_38_pluggy_sdist_2cffa88e\",\"target_platforms\":null,\"version\":\"3.8\"}]",
                "pytest": "[{\"config_setting\":\"//_config:is_python_3.8\",\"filename\":\"pytest-8.2.2-py3-none-any.whl\",\"repo\":\"pypi_38_pytest_py3_none_any_c4345981\",\"target_platforms\":null,\"version\":\"3.8\"},{\"config_setting\":\"//_config:is_python_3.8\",\"filename\":\"pytest-8.2.2.tar.gz\",\"repo\":\"pypi_38_pytest_sdist_de4bb810\",\"target_platforms\":null,\"version\":\"3.8\"}]",
                "iniconfig": "[{\"config_setting\":\"//_config:is_python_3.8\",\"filename\":\"iniconfig-2.0.0-py3-none-any.whl\",\"repo\":\"pypi_38_iniconfig_py3_none_any_b6a85871\",\"target_platforms\":null,\"version\":\"3.8\"},{\"config_setting\":\"//_config:is_python_3.8\",\"filename\":\"iniconfig-2.0.0.tar.gz\",\"repo\":\"pypi_38_iniconfig_sdist_2d91e135\",\"target_platforms\":null,\"version\":\"3.8\"}]",
                "packaging": "[{\"config_setting\":\"//_config:is_python_3.8\",\"filename\":\"packaging-24.1-py3-none-any.whl\",\"repo\":\"pypi_38_packaging_py3_none_any_5b8f2217\",\"target_platforms\":null,\"version\":\"3.8\"},{\"config_setting\":\"//_config:is_python_3.8\",\"filename\":\"packaging-24.1.tar.gz\",\"repo\":\"pypi_38_packaging_sdist_026ed72c\",\"target_platforms\":null,\"version\":\"3.8\"}]",
                "exceptiongroup": "[{\"config_setting\":\"//_config:is_python_3.8\",\"filename\":\"exceptiongroup-1.2.1-py3-none-any.whl\",\"repo\":\"pypi_38_exceptiongroup_py3_none_any_5258b9ed\",\"target_platforms\":null,\"version\":\"3.8\"},{\"config_setting\":\"//_config:is_python_3.8\",\"filename\":\"exceptiongroup-1.2.1.tar.gz\",\"repo\":\"pypi_38_exceptiongroup_sdist_a4785e48\",\"target_platforms\":null,\"version\":\"3.8\"}]"
              },
              "default_version": "3.8",
              "groups": {}
            }
          },
          "pypi_38_tomli_py3_none_any_939de3e7": {
            "bzlFile": "@@rules_python~//python/pip_install:pip_repository.bzl",
            "ruleClassName": "whl_library",
            "attributes": {
              "dep_template": "@pypi//{name}:{target}",
              "experimental_target_platforms": [
                "linux_aarch64",
                "linux_arm",
                "linux_ppc",
                "linux_s390x",
                "linux_x86_64",
                "osx_aarch64",
                "osx_x86_64",
                "windows_x86_64"
              ],
              "filename": "tomli-2.0.1-py3-none-any.whl",
              "isolated": true,
              "python_interpreter_target": "@@rules_python~~python~python_3_8_host//:python",
              "quiet": true,
              "repo": "pypi_38",
              "requirement": "tomli==2.0.1",
              "sha256": "939de3e7a6161af0c887ef91b7d41a53e7c5a1ca976325f429cb46ea9bc30ecc",
              "timeout": 600,
              "urls": [
                "https://files.pythonhosted.org/packages/97/75/10a9ebee3fd790d20926a90a2547f0bf78f371b2f13aa822c759680ca7b9/tomli-2.0.1-py3-none-any.whl"
              ]
            }
          },
          "pypi_38_pluggy_py3_none_any_44e1ad92": {
            "bzlFile": "@@rules_python~//python/pip_install:pip_repository.bzl",
            "ruleClassName": "whl_library",
            "attributes": {
              "dep_template": "@pypi//{name}:{target}",
              "experimental_target_platforms": [
                "linux_aarch64",
                "linux_arm",
                "linux_ppc",
                "linux_s390x",
                "linux_x86_64",
                "osx_aarch64",
                "osx_x86_64",
                "windows_x86_64"
              ],
              "filename": "pluggy-1.5.0-py3-none-any.whl",
              "isolated": true,
              "python_interpreter_target": "@@rules_python~~python~python_3_8_host//:python",
              "quiet": true,
              "repo": "pypi_38",
              "requirement": "pluggy==1.5.0",
              "sha256": "44e1ad92c8ca002de6377e165f3e0f1be63266ab4d554740532335b9d75ea669",
              "timeout": 600,
              "urls": [
                "https://files.pythonhosted.org/packages/88/5f/e351af9a41f866ac3f1fac4ca0613908d9a41741cfcf2228f4ad853b697d/pluggy-1.5.0-py3-none-any.whl"
              ]
            }
          },
          "pypi_38_pytest_py3_none_any_c4345981": {
            "bzlFile": "@@rules_python~//python/pip_install:pip_repository.bzl",
            "ruleClassName": "whl_library",
            "attributes": {
              "dep_template": "@pypi//{name}:{target}",
              "experimental_target_platforms": [
                "linux_aarch64",
                "linux_arm",
                "linux_ppc",
                "linux_s390x",
                "linux_x86_64",
                "osx_aarch64",
                "osx_x86_64",
                "windows_x86_64"
              ],
              "filename": "pytest-8.2.2-py3-none-any.whl",
              "isolated": true,
              "python_interpreter_target": "@@rules_python~~python~python_3_8_host//:python",
              "quiet": true,
              "repo": "pypi_38",
              "requirement": "pytest==8.2.2",
              "sha256": "c434598117762e2bd304e526244f67bf66bbd7b5d6cf22138be51ff661980343",
              "timeout": 600,
              "urls": [
                "https://files.pythonhosted.org/packages/4e/e7/81ebdd666d3bff6670d27349b5053605d83d55548e6bd5711f3b0ae7dd23/pytest-8.2.2-py3-none-any.whl"
              ]
            }
          }
        },
        "moduleExtensionMetadata": {
          "useAllRepos": "NO",
          "reproducible": false
        },
        "recordedRepoMappingEntries": [
          [
            "bazel_features~",
            "bazel_features_globals",
            "bazel_features~~version_extension~bazel_features_globals"
          ],
          [
            "bazel_features~",
            "bazel_features_version",
            "bazel_features~~version_extension~bazel_features_version"
          ],
          [
            "rules_python~",
            "bazel_features",
            "bazel_features~"
          ],
          [
            "rules_python~",
            "bazel_skylib",
            "bazel_skylib~"
          ],
          [
            "rules_python~",
            "bazel_tools",
            "bazel_tools"
          ],
          [
            "rules_python~",
            "pypi__build",
            "rules_python~~internal_deps~pypi__build"
          ],
          [
            "rules_python~",
            "pypi__click",
            "rules_python~~internal_deps~pypi__click"
          ],
          [
            "rules_python~",
            "pypi__colorama",
            "rules_python~~internal_deps~pypi__colorama"
          ],
          [
            "rules_python~",
            "pypi__importlib_metadata",
            "rules_python~~internal_deps~pypi__importlib_metadata"
          ],
          [
            "rules_python~",
            "pypi__installer",
            "rules_python~~internal_deps~pypi__installer"
          ],
          [
            "rules_python~",
            "pypi__more_itertools",
            "rules_python~~internal_deps~pypi__more_itertools"
          ],
          [
            "rules_python~",
            "pypi__packaging",
            "rules_python~~internal_deps~pypi__packaging"
          ],
          [
            "rules_python~",
            "pypi__pep517",
            "rules_python~~internal_deps~pypi__pep517"
          ],
          [
            "rules_python~",
            "pypi__pip",
            "rules_python~~internal_deps~pypi__pip"
          ],
          [
            "rules_python~",
            "pypi__pip_tools",
            "rules_python~~internal_deps~pypi__pip_tools"
          ],
          [
            "rules_python~",
            "pypi__pyproject_hooks",
            "rules_python~~internal_deps~pypi__pyproject_hooks"
          ],
          [
            "rules_python~",
            "pypi__setuptools",
            "rules_python~~internal_deps~pypi__setuptools"
          ],
          [
            "rules_python~",
            "pypi__tomli",
            "rules_python~~internal_deps~pypi__tomli"
          ],
          [
            "rules_python~",
            "pypi__wheel",
            "rules_python~~internal_deps~pypi__wheel"
          ],
          [
            "rules_python~",
            "pypi__zipp",
            "rules_python~~internal_deps~pypi__zipp"
          ],
          [
            "rules_python~",
            "pythons_hub",
            "rules_python~~python~pythons_hub"
          ],
          [
            "rules_python~~python~pythons_hub",
            "python_3_11_host",
            "rules_python~~python~python_3_11_host"
          ],
          [
            "rules_python~~python~pythons_hub",
            "python_3_8_host",
            "rules_python~~python~python_3_8_host"
          ]
        ]
      }
    }
  }
}
